{
  "nodes": {
    "cryptovampire-src": {
      "locked": {
        "lastModified": 1742892199,
        "narHash": "sha256-rE2jqv2Hfik0LiD+7yYEfanGCtNDj8wChypFozgVh20=",
        "owner": "puyral",
        "repo": "empty-flake",
        "rev": "be2dedd94f492ec5c9dae832306a9153d65b601f",
        "type": "github"
      },
      "original": {
        "owner": "puyral",
        "repo": "empty-flake",
        "type": "github"
      }
    },
    "custom": {
      "inputs": {
        "cryptovampire-src": "cryptovampire-src",
        "fenix": "fenix",
        "flake-utils": "flake-utils",
        "isw-src": "isw-src",
        "nixpkgs": [
          "nixpkgs"
        ],
        "opam-nix": "opam-nix",
        "rnote-src": "rnote-src",
        "squirrel-prover-src": "squirrel-prover-src",
        "squirrel-prover-src-cv": "squirrel-prover-src-cv",
        "vampire-master-src": "vampire-master-src",
        "zfs-inplace-rebalance-src": "zfs-inplace-rebalance-src"
      },
      "locked": {
        "lastModified": 1747126857,
        "narHash": "sha256-T/4bZqtWiO9j29sweX6NDkZPkzcmdiEpIZyVdqUjDNU=",
        "owner": "puyral",
        "repo": "custom-nix",
        "rev": "bf2f5fa41d7d909e1a384adf287dcba281068a16",
        "type": "github"
      },
      "original": {
        "owner": "puyral",
        "repo": "custom-nix",
        "type": "github"
      }
    },
    "fenix": {
      "inputs": {
        "nixpkgs": [
          "custom",
          "nixpkgs"
        ],
        "rust-analyzer-src": "rust-analyzer-src"
      },
      "locked": {
        "lastModified": 1742452566,
        "narHash": "sha256-sVuLDQ2UIWfXUBbctzrZrXM2X05YjX08K7XHMztt36E=",
        "owner": "nix-community",
        "repo": "fenix",
        "rev": "7d9ba794daf5e8cc7ee728859bc688d8e26d5f06",
        "type": "github"
      },
      "original": {
        "owner": "nix-community",
        "repo": "fenix",
        "type": "github"
      }
    },
    "fenix_2": {
      "inputs": {
        "nixpkgs": [
          "nixpkgs"
        ],
        "rust-analyzer-src": "rust-analyzer-src_2"
      },
      "locked": {
        "lastModified": 1748759782,
        "narHash": "sha256-MJNhEBsAbxRp/53qsXv6/eaWkGS8zMGX9LuCz1BLeck=",
        "owner": "nix-community",
        "repo": "fenix",
        "rev": "9be40ad995bac282160ff374a47eed67c74f9c2a",
        "type": "github"
      },
      "original": {
        "owner": "nix-community",
        "ref": "monthly",
        "repo": "fenix",
        "type": "github"
      }
    },
    "flake-compat": {
      "flake": false,
      "locked": {
        "lastModified": 1696426674,
        "narHash": "sha256-kvjfFW7WAETZlt09AgDn1MrtKzP7t90Vf7vypd3OL1U=",
        "owner": "edolstra",
        "repo": "flake-compat",
        "rev": "0f9255e01c2351cc7d116c072cb317785dd33b33",
        "type": "github"
      },
      "original": {
        "owner": "edolstra",
        "repo": "flake-compat",
        "type": "github"
      }
    },
    "flake-utils": {
      "inputs": {
        "systems": "systems"
      },
      "locked": {
        "lastModified": 1731533236,
        "narHash": "sha256-l0KFg5HjrsfsO/JpG+r7fRrqm12kzFHyUHqHCVpMMbI=",
        "owner": "numtide",
        "repo": "flake-utils",
        "rev": "11707dc2f618dd54ca8739b309ec4fc024de578b",
        "type": "github"
      },
      "original": {
        "owner": "numtide",
        "repo": "flake-utils",
        "type": "github"
      }
    },
    "flake-utils_2": {
      "inputs": {
        "systems": "systems_2"
      },
      "locked": {
        "lastModified": 1726560853,
        "narHash": "sha256-X6rJYSESBVr3hBoH0WbKE5KvhPU5bloyZ2L4K60/fPQ=",
        "owner": "numtide",
        "repo": "flake-utils",
        "rev": "c1dfcf08411b08f6b8615f7d8971a2bfa81d5e8a",
        "type": "github"
      },
      "original": {
        "owner": "numtide",
        "repo": "flake-utils",
        "type": "github"
      }
    },
    "flake-utils_3": {
      "inputs": {
        "systems": "systems_3"
      },
      "locked": {
        "lastModified": 1731533236,
        "narHash": "sha256-l0KFg5HjrsfsO/JpG+r7fRrqm12kzFHyUHqHCVpMMbI=",
        "owner": "numtide",
        "repo": "flake-utils",
        "rev": "11707dc2f618dd54ca8739b309ec4fc024de578b",
        "type": "github"
      },
      "original": {
        "owner": "numtide",
        "repo": "flake-utils",
        "type": "github"
      }
    },
    "isw-src": {
      "flake": false,
      "locked": {
        "lastModified": 1582745508,
        "narHash": "sha256-HN3egLX08CC9SLxldpCj5KHSiyV1F3HeR5NXk68NXY0=",
        "owner": "YoyPa",
        "repo": "isw",
        "rev": "7c88670504ecd4462b1825a55bdb0be2944dfe94",
        "type": "github"
      },
      "original": {
        "owner": "YoyPa",
        "repo": "isw",
        "type": "github"
      }
    },
    "mirage-opam-overlays": {
      "flake": false,
      "locked": {
        "lastModified": 1710922379,
        "narHash": "sha256-j4QREQDUf8oHOX7qg6wAOupgsNQoYlufxoPrgagD+pY=",
        "owner": "dune-universe",
        "repo": "mirage-opam-overlays",
        "rev": "797cb363df3ff763c43c8fbec5cd44de2878757e",
        "type": "github"
      },
      "original": {
        "owner": "dune-universe",
        "repo": "mirage-opam-overlays",
        "type": "github"
      }
    },
    "nixpkgs": {
      "locked": {
        "lastModified": 1749285348,
        "narHash": "sha256-frdhQvPbmDYaScPFiCnfdh3B/Vh81Uuoo0w5TkWmmjU=",
        "owner": "NixOS",
        "repo": "nixpkgs",
        "rev": "3e3afe5174c561dee0df6f2c2b2236990146329f",
        "type": "github"
      },
      "original": {
        "owner": "NixOS",
        "ref": "nixos-unstable",
        "repo": "nixpkgs",
        "type": "github"
      }
    },
    "opam-nix": {
      "inputs": {
        "flake-compat": "flake-compat",
        "flake-utils": "flake-utils_2",
        "mirage-opam-overlays": "mirage-opam-overlays",
        "nixpkgs": [
          "custom",
          "nixpkgs"
        ],
        "opam-overlays": "opam-overlays",
        "opam-repository": "opam-repository",
        "opam2json": "opam2json"
      },
      "locked": {
        "lastModified": 1741156005,
        "narHash": "sha256-JBPvXe5g1V2xpmPVMlf5CP5+T1E+TCK73lqeqV89EJE=",
        "owner": "tweag",
        "repo": "opam-nix",
        "rev": "e71936b31658f0b039a7d26b0c9c7a461d949ba4",
        "type": "github"
      },
      "original": {
        "owner": "tweag",
        "repo": "opam-nix",
        "type": "github"
      }
    },
    "opam-overlays": {
      "flake": false,
      "locked": {
        "lastModified": 1726822209,
        "narHash": "sha256-bwM18ydNT9fYq91xfn4gmS21q322NYrKwfq0ldG9GYw=",
        "owner": "dune-universe",
        "repo": "opam-overlays",
        "rev": "f2bec38beca4aea9e481f2fd3ee319c519124649",
        "type": "github"
      },
      "original": {
        "owner": "dune-universe",
        "repo": "opam-overlays",
        "type": "github"
      }
    },
    "opam-repository": {
      "flake": false,
      "locked": {
        "lastModified": 1740730647,
        "narHash": "sha256-6veU2WjUGcWDAzLDjoAI1L6GWZd0KIUq19sHcbJS+u8=",
        "owner": "ocaml",
        "repo": "opam-repository",
        "rev": "f1f75fef5fbf1e8bd1cc9544e50b89ba59f625e2",
        "type": "github"
      },
      "original": {
        "owner": "ocaml",
        "repo": "opam-repository",
        "type": "github"
      }
    },
    "opam2json": {
      "inputs": {
        "nixpkgs": [
          "custom",
          "opam-nix",
          "nixpkgs"
        ]
      },
      "locked": {
        "lastModified": 1671540003,
        "narHash": "sha256-5pXfbUfpVABtKbii6aaI2EdAZTjHJ2QntEf0QD2O5AM=",
        "owner": "tweag",
        "repo": "opam2json",
        "rev": "819d291ea95e271b0e6027679de6abb4d4f7f680",
        "type": "github"
      },
      "original": {
        "owner": "tweag",
        "repo": "opam2json",
        "type": "github"
      }
    },
    "rnote-src": {
      "flake": false,
      "locked": {
        "lastModified": 1743966725,
        "narHash": "sha256-zLO9HCMddWKl9IrDncPCvaE/R654kWb24gTODBAOZQs=",
        "owner": "puyral",
        "repo": "rnote",
        "rev": "4e260c2c848ff8ce69bee5d4a1d5c9b71a2f0eae",
        "type": "github"
      },
      "original": {
        "owner": "puyral",
        "ref": "add-block-touch",
        "repo": "rnote",
        "type": "github"
      }
    },
    "root": {
      "inputs": {
        "custom": "custom",
        "fenix": "fenix_2",
        "flake-utils": "flake-utils_3",
        "nixpkgs": "nixpkgs",
        "treefmt-nix": "treefmt-nix"
      }
    },
    "rust-analyzer-src": {
      "flake": false,
      "locked": {
        "lastModified": 1742296961,
        "narHash": "sha256-gCpvEQOrugHWLimD1wTFOJHagnSEP6VYBDspq96Idu0=",
        "owner": "rust-lang",
        "repo": "rust-analyzer",
        "rev": "15d87419f1a123d8f888d608129c3ce3ff8f13d4",
        "type": "github"
      },
      "original": {
        "owner": "rust-lang",
        "ref": "nightly",
        "repo": "rust-analyzer",
        "type": "github"
      }
    },
    "rust-analyzer-src_2": {
      "flake": false,
      "locked": {
        "lastModified": 1748695646,
        "narHash": "sha256-VwSuuRF4NvAoeHZJRRlX8zAFZ+nZyuiIvmVqBAX0Bcg=",
        "owner": "rust-lang",
        "repo": "rust-analyzer",
        "rev": "2a388d1103450d814a84eda98efe89c01b158343",
        "type": "github"
      },
      "original": {
        "owner": "rust-lang",
        "ref": "nightly",
        "repo": "rust-analyzer",
        "type": "github"
      }
    },
    "squirrel-prover-src": {
      "flake": false,
      "locked": {
        "lastModified": 1726147706,
        "narHash": "sha256-Cor7jjBCx2yEItXx6tyJX71+SVaBRsixxs8ep2rziWs=",
        "owner": "puyral",
        "repo": "squirrel-prover",
        "rev": "674e12f7283974e17241cad4f892d4a9bb47c2f6",
        "type": "github"
      },
      "original": {
        "owner": "puyral",
        "ref": "cryptovampire",
        "repo": "squirrel-prover",
        "type": "github"
      }
    },
    "squirrel-prover-src-cv": {
      "flake": false,
      "locked": {
        "lastModified": 1726147706,
        "narHash": "sha256-Cor7jjBCx2yEItXx6tyJX71+SVaBRsixxs8ep2rziWs=",
        "owner": "puyral",
        "repo": "squirrel-prover",
        "rev": "674e12f7283974e17241cad4f892d4a9bb47c2f6",
        "type": "github"
      },
      "original": {
        "owner": "puyral",
        "ref": "cryptovampire",
        "repo": "squirrel-prover",
        "type": "github"
      }
    },
    "systems": {
      "locked": {
        "lastModified": 1681028828,
        "narHash": "sha256-Vy1rq5AaRuLzOxct8nz4T6wlgyUR7zLU309k9mBC768=",
        "owner": "nix-systems",
        "repo": "default",
        "rev": "da67096a3b9bf56a91d16901293e51ba5b49a27e",
        "type": "github"
      },
      "original": {
        "owner": "nix-systems",
        "repo": "default",
        "type": "github"
      }
    },
    "systems_2": {
      "locked": {
        "lastModified": 1681028828,
        "narHash": "sha256-Vy1rq5AaRuLzOxct8nz4T6wlgyUR7zLU309k9mBC768=",
        "owner": "nix-systems",
        "repo": "default",
        "rev": "da67096a3b9bf56a91d16901293e51ba5b49a27e",
        "type": "github"
      },
      "original": {
        "owner": "nix-systems",
        "repo": "default",
        "type": "github"
      }
    },
    "systems_3": {
      "locked": {
        "lastModified": 1681028828,
        "narHash": "sha256-Vy1rq5AaRuLzOxct8nz4T6wlgyUR7zLU309k9mBC768=",
        "owner": "nix-systems",
        "repo": "default",
        "rev": "da67096a3b9bf56a91d16901293e51ba5b49a27e",
        "type": "github"
      },
      "original": {
        "owner": "nix-systems",
        "repo": "default",
        "type": "github"
      }
    },
    "treefmt-nix": {
      "inputs": {
        "nixpkgs": [
          "nixpkgs"
        ]
      },
      "locked": {
        "lastModified": 1749194973,
        "narHash": "sha256-eEy8cuS0mZ2j/r/FE0/LYBSBcIs/MKOIVakwHVuqTfk=",
        "owner": "numtide",
        "repo": "treefmt-nix",
        "rev": "a05be418a1af1198ca0f63facb13c985db4cb3c5",
        "type": "github"
      },
      "original": {
        "owner": "numtide",
        "repo": "treefmt-nix",
        "type": "github"
      }
    },
    "vampire-master-src": {
      "flake": false,
      "locked": {
        "lastModified": 1743085736,
        "narHash": "sha256-APXF8WfHglztgtn1d1assXHD+Pbu1CqNlDUwdDCLVRc=",
        "owner": "vprover",
        "repo": "vampire",
        "rev": "ac8725f55bf3961525c3de9473358e7d3b44ed69",
        "type": "github"
      },
      "original": {
        "owner": "vprover",
        "repo": "vampire",
        "type": "github"
      }
    },
    "zfs-inplace-rebalance-src": {
      "flake": false,
      "locked": {
        "lastModified": 1737197292,
        "narHash": "sha256-n8kPWuANKb17B7TxQRCduCnKRALB4VPb2Z3tFu70k54=",
        "owner": "markusressel",
        "repo": "zfs-inplace-rebalancing",
        "rev": "97d11fdb0b3f1e6bad22f84094e926390fb32db0",
        "type": "github"
      },
      "original": {
        "owner": "markusressel",
        "repo": "zfs-inplace-rebalancing",
        "type": "github"
      }
    }
  },
  "root": "root",
  "version": 7
}
