{
  "nodes": {
    "cryptovampire-src": {
      "locked": {
        "lastModified": 1742892199,
        "narHash": "sha256-rE2jqv2Hfik0LiD+7yYEfanGCtNDj8wChypFozgVh20=",
        "owner": "puyral",
        "repo": "empty-flake",
        "rev": "be2dedd94f492ec5c9dae832306a9153d65b601f",
        "type": "github"
      },
      "original": {
        "owner": "puyral",
        "repo": "empty-flake",
        "type": "github"
      }
    },
    "custom": {
      "inputs": {
        "cryptovampire-src": "cryptovampire-src",
        "fenix": "fenix",
        "flake-utils": "flake-utils",
        "isw-src": "isw-src",
        "nixpkgs": [
          "nixpkgs"
        ],
        "opam-nix": "opam-nix",
        "rnote-src": "rnote-src",
        "squirrel-prover-src": "squirrel-prover-src",
        "squirrel-prover-src-cv": "squirrel-prover-src-cv",
        "vampire-master-src": "vampire-master-src",
        "zfs-inplace-rebalance-src": "zfs-inplace-rebalance-src"
      },
      "locked": {
        "lastModified": 1752314676,
        "narHash": "sha256-GHnw0oVH5GYnbMWY2I6Z57Z9HLGSkLWiikaCQP0JxdY=",
        "owner": "puyral",
        "repo": "custom-nix",
        "rev": "7d596775fdd13af0a2af55b801cece160a037c60",
        "type": "github"
      },
      "original": {
        "owner": "puyral",
        "repo": "custom-nix",
        "type": "github"
      }
    },
    "fenix": {
      "inputs": {
        "nixpkgs": [
          "custom",
          "nixpkgs"
        ],
        "rust-analyzer-src": "rust-analyzer-src"
      },
      "locked": {
        "lastModified": 1752302273,
        "narHash": "sha256-xXZ0JkrpcpSgeuhezJZV2T+7gHcYCo39ogc55c4FyRw=",
        "owner": "nix-community",
        "repo": "fenix",
        "rev": "910743660778c55917959d64980bf046f52142ef",
        "type": "github"
      },
      "original": {
        "owner": "nix-community",
        "repo": "fenix",
        "type": "github"
      }
    },
    "fenix_2": {
      "inputs": {
        "nixpkgs": [
          "nixpkgs"
        ],
        "rust-analyzer-src": "rust-analyzer-src_2"
      },
      "locked": {
        "lastModified": 1761979010,
        "narHash": "sha256-isqMvjTk3jdTHN6KA/BWQvOSVe7O35OQKAZNtLK76OY=",
        "owner": "nix-community",
        "repo": "fenix",
        "rev": "3107255abfe4f2d1c3eee7a3e2f5a5eb6f2200fe",
        "type": "github"
      },
      "original": {
        "owner": "nix-community",
        "ref": "monthly",
        "repo": "fenix",
        "type": "github"
      }
    },
    "flake-compat": {
      "flake": false,
      "locked": {
        "lastModified": 1747046372,
        "narHash": "sha256-CIVLLkVgvHYbgI2UpXvIIBJ12HWgX+fjA8Xf8PUmqCY=",
        "owner": "edolstra",
        "repo": "flake-compat",
        "rev": "9100a0f413b0c601e0533d1d94ffd501ce2e7885",
        "type": "github"
      },
      "original": {
        "owner": "edolstra",
        "repo": "flake-compat",
        "type": "github"
      }
    },
    "flake-utils": {
      "inputs": {
        "systems": "systems"
      },
      "locked": {
        "lastModified": 1731533236,
        "narHash": "sha256-l0KFg5HjrsfsO/JpG+r7fRrqm12kzFHyUHqHCVpMMbI=",
        "owner": "numtide",
        "repo": "flake-utils",
        "rev": "11707dc2f618dd54ca8739b309ec4fc024de578b",
        "type": "github"
      },
      "original": {
        "owner": "numtide",
        "repo": "flake-utils",
        "type": "github"
      }
    },
    "flake-utils_2": {
      "inputs": {
        "systems": "systems_2"
      },
      "locked": {
        "lastModified": 1731533236,
        "narHash": "sha256-l0KFg5HjrsfsO/JpG+r7fRrqm12kzFHyUHqHCVpMMbI=",
        "owner": "numtide",
        "repo": "flake-utils",
        "rev": "11707dc2f618dd54ca8739b309ec4fc024de578b",
        "type": "github"
      },
      "original": {
        "owner": "numtide",
        "repo": "flake-utils",
        "type": "github"
      }
    },
    "flake-utils_3": {
      "inputs": {
        "systems": "systems_4"
      },
      "locked": {
        "lastModified": 1731533236,
        "narHash": "sha256-l0KFg5HjrsfsO/JpG+r7fRrqm12kzFHyUHqHCVpMMbI=",
        "owner": "numtide",
        "repo": "flake-utils",
        "rev": "11707dc2f618dd54ca8739b309ec4fc024de578b",
        "type": "github"
      },
      "original": {
        "owner": "numtide",
        "repo": "flake-utils",
        "type": "github"
      }
    },
    "isw-src": {
      "flake": false,
      "locked": {
        "lastModified": 1582745508,
        "narHash": "sha256-HN3egLX08CC9SLxldpCj5KHSiyV1F3HeR5NXk68NXY0=",
        "owner": "YoyPa",
        "repo": "isw",
        "rev": "7c88670504ecd4462b1825a55bdb0be2944dfe94",
        "type": "github"
      },
      "original": {
        "owner": "YoyPa",
        "repo": "isw",
        "type": "github"
      }
    },
    "mirage-opam-overlays": {
      "flake": false,
      "locked": {
        "lastModified": 1710922379,
        "narHash": "sha256-j4QREQDUf8oHOX7qg6wAOupgsNQoYlufxoPrgagD+pY=",
        "owner": "dune-universe",
        "repo": "mirage-opam-overlays",
        "rev": "797cb363df3ff763c43c8fbec5cd44de2878757e",
        "type": "github"
      },
      "original": {
        "owner": "dune-universe",
        "repo": "mirage-opam-overlays",
        "type": "github"
      }
    },
    "nixpkgs": {
      "locked": {
        "lastModified": 1761907660,
        "narHash": "sha256-kJ8lIZsiPOmbkJypG+B5sReDXSD1KGu2VEPNqhRa/ew=",
        "owner": "NixOS",
        "repo": "nixpkgs",
        "rev": "2fb006b87f04c4d3bdf08cfdbc7fab9c13d94a15",
        "type": "github"
      },
      "original": {
        "owner": "NixOS",
        "ref": "nixos-unstable",
        "repo": "nixpkgs",
        "type": "github"
      }
    },
    "opam-nix": {
      "inputs": {
        "flake-compat": "flake-compat",
        "flake-utils": "flake-utils_2",
        "mirage-opam-overlays": "mirage-opam-overlays",
        "nixpkgs": [
          "custom",
          "nixpkgs"
        ],
        "opam-overlays": "opam-overlays",
        "opam-repository": "opam-repository",
        "opam2json": "opam2json"
      },
      "locked": {
        "lastModified": 1752157018,
        "narHash": "sha256-V3TI6f3STTr2C37+/wj84xaqPDzbJ/b7jFoiVZNxIEc=",
        "owner": "tweag",
        "repo": "opam-nix",
        "rev": "53a188543aa45a56452655f1b929cdcd4587ec1a",
        "type": "github"
      },
      "original": {
        "owner": "tweag",
        "repo": "opam-nix",
        "type": "github"
      }
    },
    "opam-overlays": {
      "flake": false,
      "locked": {
        "lastModified": 1741116009,
        "narHash": "sha256-Z0PIW82fHJFvAv/JYpAffnp2DaOjLhsPutqyIrORZd0=",
        "owner": "dune-universe",
        "repo": "opam-overlays",
        "rev": "e031bb64e33bf93be963e9a38b28962e6e14381f",
        "type": "github"
      },
      "original": {
        "owner": "dune-universe",
        "repo": "opam-overlays",
        "type": "github"
      }
    },
    "opam-repository": {
      "flake": false,
      "locked": {
        "lastModified": 1751808506,
        "narHash": "sha256-H0WN/VhgaI6GLYmLAThoRcsf4XwnMNEBsz/w8FbLSrU=",
        "owner": "ocaml",
        "repo": "opam-repository",
        "rev": "bd82a8dde3f816d8b45ecbe005ac1f8e7f25c207",
        "type": "github"
      },
      "original": {
        "owner": "ocaml",
        "repo": "opam-repository",
        "type": "github"
      }
    },
    "opam2json": {
      "inputs": {
        "nixpkgs": [
          "custom",
          "opam-nix",
          "nixpkgs"
        ],
        "systems": "systems_3"
      },
      "locked": {
        "lastModified": 1749457947,
        "narHash": "sha256-+QVm+HOYikF3wUhqSIV8qJbE/feSG+p48fgxIosbHS0=",
        "owner": "tweag",
        "repo": "opam2json",
        "rev": "0ecd66fc2bfb25d910522c990dd36412259eac1f",
        "type": "github"
      },
      "original": {
        "owner": "tweag",
        "repo": "opam2json",
        "type": "github"
      }
    },
    "rnote-src": {
      "flake": false,
      "locked": {
        "lastModified": 1752313479,
        "narHash": "sha256-uQsau0D1o8SMho5m8by40J+vnjmF+U7UvB/KTPfystE=",
        "owner": "puyral",
        "repo": "rnote",
        "rev": "72247cd2f05697856a5edf3edc29d5bd6bd9122a",
        "type": "github"
      },
      "original": {
        "owner": "puyral",
        "ref": "add-block-touch",
        "repo": "rnote",
        "type": "github"
      }
    },
    "root": {
      "inputs": {
        "custom": "custom",
        "fenix": "fenix_2",
        "flake-utils": "flake-utils_3",
        "nixpkgs": "nixpkgs",
        "treefmt-nix": "treefmt-nix"
      }
    },
    "rust-analyzer-src": {
      "flake": false,
      "locked": {
        "lastModified": 1752262373,
        "narHash": "sha256-eRDeo/hVnf958ESWy8qV/jZj4ZRbFXsmMdw1cnI57dE=",
        "owner": "rust-lang",
        "repo": "rust-analyzer",
        "rev": "a489123e806ceadfdc5568bf9609b0468f5a2e6a",
        "type": "github"
      },
      "original": {
        "owner": "rust-lang",
        "ref": "nightly",
        "repo": "rust-analyzer",
        "type": "github"
      }
    },
    "rust-analyzer-src_2": {
      "flake": false,
      "locked": {
        "lastModified": 1761894503,
        "narHash": "sha256-SreGV62DEv7kLJEcOBrw2V6Kup0siT4wS3Ye8PlFTdE=",
        "owner": "rust-lang",
        "repo": "rust-analyzer",
        "rev": "2e2e3ebec91215078de9b754363fc9a7b0fdef13",
        "type": "github"
      },
      "original": {
        "owner": "rust-lang",
        "ref": "nightly",
        "repo": "rust-analyzer",
        "type": "github"
      }
    },
    "squirrel-prover-src": {
      "flake": false,
      "locked": {
        "lastModified": 1726147706,
        "narHash": "sha256-Cor7jjBCx2yEItXx6tyJX71+SVaBRsixxs8ep2rziWs=",
        "owner": "puyral",
        "repo": "squirrel-prover",
        "rev": "674e12f7283974e17241cad4f892d4a9bb47c2f6",
        "type": "github"
      },
      "original": {
        "owner": "puyral",
        "ref": "cryptovampire",
        "repo": "squirrel-prover",
        "type": "github"
      }
    },
    "squirrel-prover-src-cv": {
      "flake": false,
      "locked": {
        "lastModified": 1726147706,
        "narHash": "sha256-Cor7jjBCx2yEItXx6tyJX71+SVaBRsixxs8ep2rziWs=",
        "owner": "puyral",
        "repo": "squirrel-prover",
        "rev": "674e12f7283974e17241cad4f892d4a9bb47c2f6",
        "type": "github"
      },
      "original": {
        "owner": "puyral",
        "ref": "cryptovampire",
        "repo": "squirrel-prover",
        "type": "github"
      }
    },
    "systems": {
      "locked": {
        "lastModified": 1681028828,
        "narHash": "sha256-Vy1rq5AaRuLzOxct8nz4T6wlgyUR7zLU309k9mBC768=",
        "owner": "nix-systems",
        "repo": "default",
        "rev": "da67096a3b9bf56a91d16901293e51ba5b49a27e",
        "type": "github"
      },
      "original": {
        "owner": "nix-systems",
        "repo": "default",
        "type": "github"
      }
    },
    "systems_2": {
      "locked": {
        "lastModified": 1681028828,
        "narHash": "sha256-Vy1rq5AaRuLzOxct8nz4T6wlgyUR7zLU309k9mBC768=",
        "owner": "nix-systems",
        "repo": "default",
        "rev": "da67096a3b9bf56a91d16901293e51ba5b49a27e",
        "type": "github"
      },
      "original": {
        "owner": "nix-systems",
        "repo": "default",
        "type": "github"
      }
    },
    "systems_3": {
      "locked": {
        "lastModified": 1681028828,
        "narHash": "sha256-Vy1rq5AaRuLzOxct8nz4T6wlgyUR7zLU309k9mBC768=",
        "owner": "nix-systems",
        "repo": "default",
        "rev": "da67096a3b9bf56a91d16901293e51ba5b49a27e",
        "type": "github"
      },
      "original": {
        "owner": "nix-systems",
        "repo": "default",
        "type": "github"
      }
    },
    "systems_4": {
      "locked": {
        "lastModified": 1681028828,
        "narHash": "sha256-Vy1rq5AaRuLzOxct8nz4T6wlgyUR7zLU309k9mBC768=",
        "owner": "nix-systems",
        "repo": "default",
        "rev": "da67096a3b9bf56a91d16901293e51ba5b49a27e",
        "type": "github"
      },
      "original": {
        "owner": "nix-systems",
        "repo": "default",
        "type": "github"
      }
    },
    "treefmt-nix": {
      "inputs": {
        "nixpkgs": [
          "nixpkgs"
        ]
      },
      "locked": {
        "lastModified": 1761311587,
        "narHash": "sha256-Msq86cR5SjozQGCnC6H8C+0cD4rnx91BPltZ9KK613Y=",
        "owner": "numtide",
        "repo": "treefmt-nix",
        "rev": "2eddae033e4e74bf581c2d1dfa101f9033dbd2dc",
        "type": "github"
      },
      "original": {
        "owner": "numtide",
        "repo": "treefmt-nix",
        "type": "github"
      }
    },
    "vampire-master-src": {
      "flake": false,
      "locked": {
        "lastModified": 1752230294,
        "narHash": "sha256-hk5zWsSR1mD2Y9bWz7mLrwDqAt4jp9PrIOxioeiUfRs=",
        "owner": "vprover",
        "repo": "vampire",
        "rev": "af5f700787a9dbeab7d22e8ec347310b82e803bb",
        "type": "github"
      },
      "original": {
        "owner": "vprover",
        "repo": "vampire",
        "type": "github"
      }
    },
    "zfs-inplace-rebalance-src": {
      "flake": false,
      "locked": {
        "lastModified": 1744744342,
        "narHash": "sha256-iu4oP6Jkm+DJe4iwFA4FjMUzDkAr3wBNZ9AIWA0FXOw=",
        "owner": "markusressel",
        "repo": "zfs-inplace-rebalancing",
        "rev": "b78835860050939075de07026c7f01119bb89146",
        "type": "github"
      },
      "original": {
        "owner": "markusressel",
        "repo": "zfs-inplace-rebalancing",
        "type": "github"
      }
    }
  },
  "root": "root",
  "version": 7
}
